{
    "name": "test",
    "version": "0.1.0",
    "lockfileVersion": 3,
    "requires": true,
    "packages": {
        "": {
            "name": "test",
            "version": "0.1.0",
            "dependencies": {
                "crc": "^4.3.2"
            }
        },
        "node_modules/.pnpm/crc@4.3.2/node_modules/crc": {
            "version": "4.3.2",
            "license": "MIT",
            "engines": {
                "node": ">=12"
            },
            "peerDependencies": {
                "buffer": ">=6.0.3"
            },
            "peerDependenciesMeta": {
                "buffer": {
                    "optional": true
                }
            }
        },
        "node_modules/crc": {
            "resolved": "node_modules/.pnpm/crc@4.3.2/node_modules/crc",
            "link": true
        }
    }
}
