lockfileVersion: '6.0'

dependencies:
  crc:
    specifier: ^4.3.2
    version: 4.3.2

packages:

  /crc@4.3.2:
    resolution: {integrity: sha512-uGDHf4KLLh2zsHa8D8hIQ1H/HtFQhyHrc0uhHBcoKGol/Xnb+MPYfUMw7cvON6ze/GUESTudKayDcJC5HnJv1A==}
    engines: {node: '>=12'}
    peerDependencies:
      buffer: '>=6.0.3'
    peerDependenciesMeta:
      buffer:
        optional: true
    dev: false
